
Microsoft Visual Studio Solution File, Format Version 12.00
# Visual Studio 15
VisualStudioVersion = 15.0.26730.15
MinimumVisualStudioVersion = 10.0.40219.1
Project("{FAE04EC0-301F-11D3-BF4B-00C04F79EFBC}") = "QGardinAssignment3", "QGardinAssignment3\QGardinAssignment3.csproj", "{2429F011-5135-4533-B1AF-0D3ADBB4BD15}"
EndProject
Global
	GlobalSection(SolutionConfigurationPlatforms) = preSolution
		Debug|Any CPU = Debug|Any CPU
		Release|Any CPU = Release|Any CPU
	EndGlobalSection
	GlobalSection(ProjectConfigurationPlatforms) = postSolution
		{2429F011-5135-4533-B1AF-0D3ADBB4BD15}.Debug|Any CPU.ActiveCfg = Debug|Any CPU
		{2429F011-5135-4533-B1AF-0D3ADBB4BD15}.Debug|Any CPU.Build.0 = Debug|Any CPU
		{2429F011-5135-4533-B1AF-0D3ADBB4BD15}.Release|Any CPU.ActiveCfg = Release|Any CPU
		{2429F011-5135-4533-B1AF-0D3ADBB4BD15}.Release|Any CPU.Build.0 = Release|Any CPU
	EndGlobalSection
	GlobalSection(SolutionProperties) = preSolution
		HideSolutionNode = FALSE
	EndGlobalSection
	GlobalSection(ExtensibilityGlobals) = postSolution
		SolutionGuid = {3D5365DF-CCB3-4BD4-864C-5941AE35C0CC}
	EndGlobalSection
EndGlobal
